
Microsoft Visual Studio Solution File, Format Version 12.00
# Visual Studio 2013
VisualStudioVersion = 12.0.40629.0
MinimumVisualStudioVersion = 10.0.40219.1
Project("{FAE04EC0-301F-11D3-BF4B-00C04F79EFBC}") = "wpautomation", "wpautomation\wpautomation.csproj", "{27E64535-5342-47E4-B163-FF6BB8878133}"
EndProject
Project("{FAE04EC0-301F-11D3-BF4B-00C04F79EFBC}") = "wptests", "wptests\wptests.csproj", "{6571C973-5780-4E81-A76C-4C4515434652}"
EndProject
Global
	GlobalSection(SolutionConfigurationPlatforms) = preSolution
		Debug|Any CPU = Debug|Any CPU
		Release|Any CPU = Release|Any CPU
	EndGlobalSection
	GlobalSection(ProjectConfigurationPlatforms) = postSolution
		{27E64535-5342-47E4-B163-FF6BB8878133}.Debug|Any CPU.ActiveCfg = Debug|Any CPU
		{27E64535-5342-47E4-B163-FF6BB8878133}.Debug|Any CPU.Build.0 = Debug|Any CPU
		{27E64535-5342-47E4-B163-FF6BB8878133}.Release|Any CPU.ActiveCfg = Release|Any CPU
		{27E64535-5342-47E4-B163-FF6BB8878133}.Release|Any CPU.Build.0 = Release|Any CPU
		{6571C973-5780-4E81-A76C-4C4515434652}.Debug|Any CPU.ActiveCfg = Debug|Any CPU
		{6571C973-5780-4E81-A76C-4C4515434652}.Debug|Any CPU.Build.0 = Debug|Any CPU
		{6571C973-5780-4E81-A76C-4C4515434652}.Release|Any CPU.ActiveCfg = Release|Any CPU
		{6571C973-5780-4E81-A76C-4C4515434652}.Release|Any CPU.Build.0 = Release|Any CPU
	EndGlobalSection
	GlobalSection(SolutionProperties) = preSolution
		HideSolutionNode = FALSE
	EndGlobalSection
EndGlobal
